
Microsoft Visual Studio Solution File, Format Version 12.00
# Visual Studio Version 16
VisualStudioVersion = 16.0.29306.81
MinimumVisualStudioVersion = 10.0.40219.1
Project("{FAE04EC0-301F-11D3-BF4B-00C04F79EFBC}") = "ComboBox", "ComboBox\ComboBox.csproj", "{B1676BFC-D454-4765-BD23-1AF4DE7C9305}"
EndProject
Global
	GlobalSection(SolutionConfigurationPlatforms) = preSolution
		Debug|Any CPU = Debug|Any CPU
		Release|Any CPU = Release|Any CPU
	EndGlobalSection
	GlobalSection(ProjectConfigurationPlatforms) = postSolution
		{B1676BFC-D454-4765-BD23-1AF4DE7C9305}.Debug|Any CPU.ActiveCfg = Debug|Any CPU
		{B1676BFC-D454-4765-BD23-1AF4DE7C9305}.Debug|Any CPU.Build.0 = Debug|Any CPU
		{B1676BFC-D454-4765-BD23-1AF4DE7C9305}.Release|Any CPU.ActiveCfg = Release|Any CPU
		{B1676BFC-D454-4765-BD23-1AF4DE7C9305}.Release|Any CPU.Build.0 = Release|Any CPU
	EndGlobalSection
	GlobalSection(SolutionProperties) = preSolution
		HideSolutionNode = FALSE
	EndGlobalSection
	GlobalSection(ExtensibilityGlobals) = postSolution
		SolutionGuid = {DBFC5CCC-75DD-4F90-BE89-6E911CEEED55}
	EndGlobalSection
EndGlobal
